PODS:
  - FlutterMacOS (1.0.0)
  - rust_lib_frpc_gui (0.0.1):
    - FlutterMacOS

DEPENDENCIES:
  - FlutterMacOS (from `Flutter/ephemeral`)
  - rust_lib_frpc_gui (from `Flutter/ephemeral/.symlinks/plugins/rust_lib_frpc_gui/macos`)

EXTERNAL SOURCES:
  FlutterMacOS:
    :path: Flutter/ephemeral
  rust_lib_frpc_gui:
    :path: Flutter/ephemeral/.symlinks/plugins/rust_lib_frpc_gui/macos

SPEC CHECKSUMS:
  FlutterMacOS: 8f6f14fa908a6fb3fba0cd85dbd81ec4b251fb24
  rust_lib_frpc_gui: 7ae797640a746fe48665d132d7773206f1d91605

PODFILE CHECKSUM: 236401fc2c932af29a9fcf0e97baeeb2d750d367

COCOAPODS: 1.15.2
